
Microsoft Visual Studio Solution File, Format Version 12.00
# Visual Studio Version 17
Project("{8BC9CEB8-8B4A-11D0-8D11-00A0C91BC942}") = "ALL_BUILD", "ALL_BUILD.vcxproj", "{BEE1CE78-11D3-3119-A606-7E1EAD16BEB8}"
	ProjectSection(ProjectDependencies) = postProject
		{6B447863-2092-3B0E-A540-10931CC82263} = {6B447863-2092-3B0E-A540-10931CC82263}
	EndProjectSection
EndProject
Project("{8BC9CEB8-8B4A-11D0-8D11-00A0C91BC942}") = "ZERO_CHECK", "ZERO_CHECK.vcxproj", "{6B447863-2092-3B0E-A540-10931CC82263}"
	ProjectSection(ProjectDependencies) = postProject
	EndProjectSection
EndProject
Global
	GlobalSection(SolutionConfigurationPlatforms) = preSolution
		Debug|x64 = Debug|x64
		Release|x64 = Release|x64
		MinSizeRel|x64 = MinSizeRel|x64
		RelWithDebInfo|x64 = RelWithDebInfo|x64
	EndGlobalSection
	GlobalSection(ProjectConfigurationPlatforms) = postSolution
		{BEE1CE78-11D3-3119-A606-7E1EAD16BEB8}.Debug|x64.ActiveCfg = Debug|x64
		{BEE1CE78-11D3-3119-A606-7E1EAD16BEB8}.Release|x64.ActiveCfg = Release|x64
		{BEE1CE78-11D3-3119-A606-7E1EAD16BEB8}.MinSizeRel|x64.ActiveCfg = MinSizeRel|x64
		{BEE1CE78-11D3-3119-A606-7E1EAD16BEB8}.RelWithDebInfo|x64.ActiveCfg = RelWithDebInfo|x64
		{6B447863-2092-3B0E-A540-10931CC82263}.Debug|x64.ActiveCfg = Debug|x64
		{6B447863-2092-3B0E-A540-10931CC82263}.Debug|x64.Build.0 = Debug|x64
		{6B447863-2092-3B0E-A540-10931CC82263}.Release|x64.ActiveCfg = Release|x64
		{6B447863-2092-3B0E-A540-10931CC82263}.Release|x64.Build.0 = Release|x64
		{6B447863-2092-3B0E-A540-10931CC82263}.MinSizeRel|x64.ActiveCfg = MinSizeRel|x64
		{6B447863-2092-3B0E-A540-10931CC82263}.MinSizeRel|x64.Build.0 = MinSizeRel|x64
		{6B447863-2092-3B0E-A540-10931CC82263}.RelWithDebInfo|x64.ActiveCfg = RelWithDebInfo|x64
		{6B447863-2092-3B0E-A540-10931CC82263}.RelWithDebInfo|x64.Build.0 = RelWithDebInfo|x64
	EndGlobalSection
	GlobalSection(ExtensibilityGlobals) = postSolution
		SolutionGuid = {426B0F4D-47E2-35D9-B642-E933901C80CA}
	EndGlobalSection
	GlobalSection(ExtensibilityAddIns) = postSolution
	EndGlobalSection
EndGlobal
